// !$*UTF8*$!
{
	archiveVersion = 1;
	classes = {
	};
	objectVersion = 50;
	objects = {

/* Begin PBXBuildFile section */
		8012DA6D21B7C75600828DB7 /* Venom.c in Sources */ = {isa = PBXBuildFile; fileRef = 8012DA6921B7C75600828DB7 /* Venom.c */; };
		8012DA6E21B7C75600828DB7 /* xxhash.c in Sources */ = {isa = PBXBuildFile; fileRef = 8012DA6C21B7C75600828DB7 /* xxhash.c */; };
		802A7EE221AE9CB800DAE02F /* main.c in Sources */ = {isa = PBXBuildFile; fileRef = 802A7EE121AE9CB800DAE02F /* main.c */; };
		80AE0D0721C4DCFF00D0F101 /* VenomSerial.c in Sources */ = {isa = PBXBuildFile; fileRef = 80AE0D0621C4DCFF00D0F101 /* VenomSerial.c */; };
/* End PBXBuildFile section */

/* Begin PBXCopyFilesBuildPhase section */
		802A7EDC21AE9CB800DAE02F /* CopyFiles */ = {
			isa = PBXCopyFilesBuildPhase;
			buildActionMask = 2147483647;
			dstPath = /usr/share/man/man1/;
			dstSubfolderSpec = 0;
			files = (
			);
			runOnlyForDeploymentPostprocessing = 1;
		};
/* End PBXCopyFilesBuildPhase section */

/* Begin PBXFileReference section */
		8012DA6821B7C75600828DB7 /* Venom.h */ = {isa = PBXFileReference; fileEncoding = 4; lastKnownFileType = sourcecode.c.h; path = Venom.h; sourceTree = "<group>"; };
		8012DA6921B7C75600828DB7 /* Venom.c */ = {isa = PBXFileReference; fileEncoding = 4; lastKnownFileType = sourcecode.c.c; path = Venom.c; sourceTree = "<group>"; };
		8012DA6B21B7C75600828DB7 /* xxhash.h */ = {isa = PBXFileReference; fileEncoding = 4; lastKnownFileType = sourcecode.c.h; path = xxhash.h; sourceTree = "<group>"; };
		8012DA6C21B7C75600828DB7 /* xxhash.c */ = {isa = PBXFileReference; fileEncoding = 4; lastKnownFileType = sourcecode.c.c; path = xxhash.c; sourceTree = "<group>"; };
		802A7EDE21AE9CB800DAE02F /* Venom */ = {isa = PBXFileReference; explicitFileType = "compiled.mach-o.executable"; includeInIndex = 0; path = Venom; sourceTree = BUILT_PRODUCTS_DIR; };
		802A7EE121AE9CB800DAE02F /* main.c */ = {isa = PBXFileReference; lastKnownFileType = sourcecode.c.c; path = main.c; sourceTree = "<group>"; };
		80AE0D0521C4DCFF00D0F101 /* VenomSerial.h */ = {isa = PBXFileReference; lastKnownFileType = sourcecode.c.h; path = VenomSerial.h; sourceTree = "<group>"; };
		80AE0D0621C4DCFF00D0F101 /* VenomSerial.c */ = {isa = PBXFileReference; lastKnownFileType = sourcecode.c.c; path = VenomSerial.c; sourceTree = "<group>"; };
		80AE0D0821C4DD1500D0F101 /* VenomMacors.h */ = {isa = PBXFileReference; lastKnownFileType = sourcecode.c.h; path = VenomMacors.h; sourceTree = "<group>"; };
/* End PBXFileReference section */

/* Begin PBXFrameworksBuildPhase section */
		802A7EDB21AE9CB800DAE02F /* Frameworks */ = {
			isa = PBXFrameworksBuildPhase;
			buildActionMask = 2147483647;
			files = (
			);
			runOnlyForDeploymentPostprocessing = 0;
		};
/* End PBXFrameworksBuildPhase section */

/* Begin PBXGroup section */
		8012DA6721B7C75600828DB7 /* Sources */ = {
			isa = PBXGroup;
			children = (
				8012DA6821B7C75600828DB7 /* Venom.h */,
				8012DA6921B7C75600828DB7 /* Venom.c */,
				80AE0D0521C4DCFF00D0F101 /* VenomSerial.h */,
				80AE0D0621C4DCFF00D0F101 /* VenomSerial.c */,
				80AE0D0821C4DD1500D0F101 /* VenomMacors.h */,
				8012DA6A21B7C75600828DB7 /* xxhash */,
			);
			path = Sources;
			sourceTree = "<group>";
		};
		8012DA6A21B7C75600828DB7 /* xxhash */ = {
			isa = PBXGroup;
			children = (
				8012DA6B21B7C75600828DB7 /* xxhash.h */,
				8012DA6C21B7C75600828DB7 /* xxhash.c */,
			);
			path = xxhash;
			sourceTree = "<group>";
		};
		802A7ED521AE9CB800DAE02F = {
			isa = PBXGroup;
			children = (
				802A7EE021AE9CB800DAE02F /* Venom */,
				802A7EDF21AE9CB800DAE02F /* Products */,
			);
			sourceTree = "<group>";
		};
		802A7EDF21AE9CB800DAE02F /* Products */ = {
			isa = PBXGroup;
			children = (
				802A7EDE21AE9CB800DAE02F /* Venom */,
			);
			name = Products;
			sourceTree = "<group>";
		};
		802A7EE021AE9CB800DAE02F /* Venom */ = {
			isa = PBXGroup;
			children = (
				8012DA6721B7C75600828DB7 /* Sources */,
				802A7EE121AE9CB800DAE02F /* main.c */,
			);
			path = Venom;
			sourceTree = "<group>";
		};
/* End PBXGroup section */

/* Begin PBXNativeTarget section */
		802A7EDD21AE9CB800DAE02F /* Venom */ = {
			isa = PBXNativeTarget;
			buildConfigurationList = 802A7EE521AE9CB800DAE02F /* Build configuration list for PBXNativeTarget "Venom" */;
			buildPhases = (
				802A7EDA21AE9CB800DAE02F /* Sources */,
				802A7EDB21AE9CB800DAE02F /* Frameworks */,
				802A7EDC21AE9CB800DAE02F /* CopyFiles */,
			);
			buildRules = (
			);
			dependencies = (
			);
			name = Venom;
			productName = Knack;
			productReference = 802A7EDE21AE9CB800DAE02F /* Venom */;
			productType = "com.apple.product-type.tool";
		};
/* End PBXNativeTarget section */

/* Begin PBXProject section */
		802A7ED621AE9CB800DAE02F /* Project object */ = {
			isa = PBXProject;
			attributes = {
				LastUpgradeCheck = 1010;
				ORGANIZATIONNAME = "pingwei liu";
				TargetAttributes = {
					802A7EDD21AE9CB800DAE02F = {
						CreatedOnToolsVersion = 10.1;
					};
				};
			};
			buildConfigurationList = 802A7ED921AE9CB800DAE02F /* Build configuration list for PBXProject "Venom" */;
			compatibilityVersion = "Xcode 9.3";
			developmentRegion = en;
			hasScannedForEncodings = 0;
			knownRegions = (
				en,
			);
			mainGroup = 802A7ED521AE9CB800DAE02F;
			productRefGroup = 802A7EDF21AE9CB800DAE02F /* Products */;
			projectDirPath = "";
			projectRoot = "";
			targets = (
				802A7EDD21AE9CB800DAE02F /* Venom */,
			);
		};
/* End PBXProject section */

/* Begin PBXSourcesBuildPhase section */
		802A7EDA21AE9CB800DAE02F /* Sources */ = {
			isa = PBXSourcesBuildPhase;
			buildActionMask = 2147483647;
			files = (
				8012DA6D21B7C75600828DB7 /* Venom.c in Sources */,
				8012DA6E21B7C75600828DB7 /* xxhash.c in Sources */,
				802A7EE221AE9CB800DAE02F /* main.c in Sources */,
				80AE0D0721C4DCFF00D0F101 /* VenomSerial.c in Sources */,
			);
			runOnlyForDeploymentPostprocessing = 0;
		};
/* End PBXSourcesBuildPhase section */

/* Begin XCBuildConfiguration section */
		802A7EE321AE9CB800DAE02F /* Debug */ = {
			isa = XCBuildConfiguration;
			buildSettings = {
				ALWAYS_SEARCH_USER_PATHS = NO;
				CLANG_ANALYZER_NONNULL = YES;
				CLANG_ANALYZER_NUMBER_OBJECT_CONVERSION = YES_AGGRESSIVE;
				CLANG_CXX_LANGUAGE_STANDARD = "gnu++14";
				CLANG_CXX_LIBRARY = "libc++";
				CLANG_ENABLE_MODULES = YES;
				CLANG_ENABLE_OBJC_ARC = YES;
				CLANG_ENABLE_OBJC_WEAK = YES;
				CLANG_WARN_BLOCK_CAPTURE_AUTORELEASING = YES;
				CLANG_WARN_BOOL_CONVERSION = YES;
				CLANG_WARN_COMMA = YES;
				CLANG_WARN_CONSTANT_CONVERSION = YES;
				CLANG_WARN_DEPRECATED_OBJC_IMPLEMENTATIONS = YES;
				CLANG_WARN_DIRECT_OBJC_ISA_USAGE = YES_ERROR;
				CLANG_WARN_DOCUMENTATION_COMMENTS = YES;
				CLANG_WARN_EMPTY_BODY = YES;
				CLANG_WARN_ENUM_CONVERSION = YES;
				CLANG_WARN_INFINITE_RECURSION = YES;
				CLANG_WARN_INT_CONVERSION = YES;
				CLANG_WARN_NON_LITERAL_NULL_CONVERSION = YES;
				CLANG_WARN_OBJC_IMPLICIT_RETAIN_SELF = YES;
				CLANG_WARN_OBJC_LITERAL_CONVERSION = YES;
				CLANG_WARN_OBJC_ROOT_CLASS = YES_ERROR;
				CLANG_WARN_RANGE_LOOP_ANALYSIS = YES;
				CLANG_WARN_STRICT_PROTOTYPES = YES;
				CLANG_WARN_SUSPICIOUS_MOVE = YES;
				CLANG_WARN_UNGUARDED_AVAILABILITY = YES_AGGRESSIVE;
				CLANG_WARN_UNREACHABLE_CODE = YES;
				CLANG_WARN__DUPLICATE_METHOD_MATCH = YES;
				CODE_SIGN_IDENTITY = "Mac Developer";
				COPY_PHASE_STRIP = NO;
				DEBUG_INFORMATION_FORMAT = dwarf;
				ENABLE_STRICT_OBJC_MSGSEND = YES;
				ENABLE_TESTABILITY = YES;
				GCC_C_LANGUAGE_STANDARD = gnu11;
				GCC_DYNAMIC_NO_PIC = NO;
				GCC_NO_COMMON_BLOCKS = YES;
				GCC_OPTIMIZATION_LEVEL = 0;
				GCC_PREPROCESSOR_DEFINITIONS = (
					"DEBUG=1",
					"$(inherited)",
				);
				GCC_WARN_64_TO_32_BIT_CONVERSION = YES;
				GCC_WARN_ABOUT_RETURN_TYPE = YES_ERROR;
				GCC_WARN_UNDECLARED_SELECTOR = YES;
				GCC_WARN_UNINITIALIZED_AUTOS = YES_AGGRESSIVE;
				GCC_WARN_UNUSED_FUNCTION = YES;
				GCC_WARN_UNUSED_VARIABLE = YES;
				MACOSX_DEPLOYMENT_TARGET = 10.14;
				MTL_ENABLE_DEBUG_INFO = INCLUDE_SOURCE;
				MTL_FAST_MATH = YES;
				ONLY_ACTIVE_ARCH = YES;
				SDKROOT = macosx;
			};
			name = Debug;
		};
		802A7EE421AE9CB800DAE02F /* Release */ = {
			isa = XCBuildConfiguration;
			buildSettings = {
				ALWAYS_SEARCH_USER_PATHS = NO;
				CLANG_ANALYZER_NONNULL = YES;
				CLANG_ANALYZER_NUMBER_OBJECT_CONVERSION = YES_AGGRESSIVE;
				CLANG_CXX_LANGUAGE_STANDARD = "gnu++14";
				CLANG_CXX_LIBRARY = "libc++";
				CLANG_ENABLE_MODULES = YES;
				CLANG_ENABLE_OBJC_ARC = YES;
				CLANG_ENABLE_OBJC_WEAK = YES;
				CLANG_WARN_BLOCK_CAPTURE_AUTORELEASING = YES;
				CLANG_WARN_BOOL_CONVERSION = YES;
				CLANG_WARN_COMMA = YES;
				CLANG_WARN_CONSTANT_CONVERSION = YES;
				CLANG_WARN_DEPRECATED_OBJC_IMPLEMENTATIONS = YES;
				CLANG_WARN_DIRECT_OBJC_ISA_USAGE = YES_ERROR;
				CLANG_WARN_DOCUMENTATION_COMMENTS = YES;
				CLANG_WARN_EMPTY_BODY = YES;
				CLANG_WARN_ENUM_CONVERSION = YES;
				CLANG_WARN_INFINITE_RECURSION = YES;
				CLANG_WARN_INT_CONVERSION = YES;
				CLANG_WARN_NON_LITERAL_NULL_CONVERSION = YES;
				CLANG_WARN_OBJC_IMPLICIT_RETAIN_SELF = YES;
				CLANG_WARN_OBJC_LITERAL_CONVERSION = YES;
				CLANG_WARN_OBJC_ROOT_CLASS = YES_ERROR;
				CLANG_WARN_RANGE_LOOP_ANALYSIS = YES;
				CLANG_WARN_STRICT_PROTOTYPES = YES;
				CLANG_WARN_SUSPICIOUS_MOVE = YES;
				CLANG_WARN_UNGUARDED_AVAILABILITY = YES_AGGRESSIVE;
				CLANG_WARN_UNREACHABLE_CODE = YES;
				CLANG_WARN__DUPLICATE_METHOD_MATCH = YES;
				CODE_SIGN_IDENTITY = "Mac Developer";
				COPY_PHASE_STRIP = NO;
				DEBUG_INFORMATION_FORMAT = "dwarf-with-dsym";
				ENABLE_NS_ASSERTIONS = NO;
				ENABLE_STRICT_OBJC_MSGSEND = YES;
				GCC_C_LANGUAGE_STANDARD = gnu11;
				GCC_NO_COMMON_BLOCKS = YES;
				GCC_WARN_64_TO_32_BIT_CONVERSION = YES;
				GCC_WARN_ABOUT_RETURN_TYPE = YES_ERROR;
				GCC_WARN_UNDECLARED_SELECTOR = YES;
				GCC_WARN_UNINITIALIZED_AUTOS = YES_AGGRESSIVE;
				GCC_WARN_UNUSED_FUNCTION = YES;
				GCC_WARN_UNUSED_VARIABLE = YES;
				MACOSX_DEPLOYMENT_TARGET = 10.14;
				MTL_ENABLE_DEBUG_INFO = NO;
				MTL_FAST_MATH = YES;
				SDKROOT = macosx;
			};
			name = Release;
		};
		802A7EE621AE9CB800DAE02F /* Debug */ = {
			isa = XCBuildConfiguration;
			buildSettings = {
				CODE_SIGN_STYLE = Automatic;
				DEVELOPMENT_TEAM = Y2BAKEHXE4;
				PRODUCT_NAME = "$(TARGET_NAME)";
			};
			name = Debug;
		};
		802A7EE721AE9CB800DAE02F /* Release */ = {
			isa = XCBuildConfiguration;
			buildSettings = {
				CODE_SIGN_STYLE = Automatic;
				DEVELOPMENT_TEAM = Y2BAKEHXE4;
				PRODUCT_NAME = "$(TARGET_NAME)";
			};
			name = Release;
		};
/* End XCBuildConfiguration section */

/* Begin XCConfigurationList section */
		802A7ED921AE9CB800DAE02F /* Build configuration list for PBXProject "Venom" */ = {
			isa = XCConfigurationList;
			buildConfigurations = (
				802A7EE321AE9CB800DAE02F /* Debug */,
				802A7EE421AE9CB800DAE02F /* Release */,
			);
			defaultConfigurationIsVisible = 0;
			defaultConfigurationName = Release;
		};
		802A7EE521AE9CB800DAE02F /* Build configuration list for PBXNativeTarget "Venom" */ = {
			isa = XCConfigurationList;
			buildConfigurations = (
				802A7EE621AE9CB800DAE02F /* Debug */,
				802A7EE721AE9CB800DAE02F /* Release */,
			);
			defaultConfigurationIsVisible = 0;
			defaultConfigurationName = Release;
		};
/* End XCConfigurationList section */
	};
	rootObject = 802A7ED621AE9CB800DAE02F /* Project object */;
}
